{
  "nodes": {
    "fenix": {
      "inputs": {
        "nixpkgs": [
          "nixpkgs"
        ],
        "rust-analyzer-src": "rust-analyzer-src"
      },
      "locked": {
        "lastModified": 1661149922,
        "narHash": "sha256-rvYJU7qdQUe82MaZoMVLyCcqQsITB4OK+TuYlT0xXDg=",
        "owner": "nix-community",
        "repo": "fenix",
        "rev": "b30862cd69d405849e4b3e79972da551bf5620bb",
        "type": "github"
      },
      "original": {
        "owner": "nix-community",
        "repo": "fenix",
        "type": "github"
      }
    },
    "nixpkgs": {
      "locked": {
        "lastModified": 1657447684,
        "narHash": "sha256-FCP9AuU1q6PE3vOeM5SFf58f/UKPBAsoSGDUGamNBbo=",
        "owner": "nixos",
        "repo": "nixpkgs",
        "rev": "5f43d8b088d3771274bcfb69d3c7435b1121ac88",
        "type": "github"
      },
      "original": {
        "owner": "NixOS",
        "ref": "nixos-unstable",
        "repo": "nixpkgs",
        "type": "github"
      }
    },
    "root": {
      "inputs": {
        "fenix": "fenix",
        "nixpkgs": "nixpkgs",
        "wat": "wat"
      }
    },
    "rust-analyzer-src": {
      "flake": false,
      "locked": {
        "lastModified": 1661084493,
        "narHash": "sha256-G/IElEE6eetQcLpESXCQtuYED/uTrsdeZj8fkqC3FSM=",
        "owner": "rust-lang",
        "repo": "rust-analyzer",
        "rev": "a670ff888437f4b6a3d24cc2996e9f969a87cbae",
        "type": "github"
      },
      "original": {
        "owner": "rust-lang",
        "ref": "nightly",
        "repo": "rust-analyzer",
        "type": "github"
      }
    },
    "wat": {
      "inputs": {
        "nixpkgs": [
          "nixpkgs"
        ]
      },
      "locked": {
        "lastModified": 1651872474,
        "narHash": "sha256-ZsPdLC0kgiDzZZCI8O3BXQDuLOtjQBeJRH4IwzIEGDI=",
        "owner": "thelegy",
        "repo": "wat",
        "rev": "a9302bf3e2bf5cef86c65ad467df30efa08582ca",
        "type": "github"
      },
      "original": {
        "owner": "thelegy",
        "repo": "wat",
        "type": "github"
      }
    }
  },
  "root": "root",
  "version": 7
}
