{
  "nodes": {
    "nixpkgs": {
      "locked": {
        "lastModified": 1657447684,
        "narHash": "sha256-FCP9AuU1q6PE3vOeM5SFf58f/UKPBAsoSGDUGamNBbo=",
        "owner": "nixos",
        "repo": "nixpkgs",
        "rev": "5f43d8b088d3771274bcfb69d3c7435b1121ac88",
        "type": "github"
      },
      "original": {
        "owner": "NixOS",
        "ref": "nixos-unstable",
        "repo": "nixpkgs",
        "type": "github"
      }
    },
    "root": {
      "inputs": {
        "nixpkgs": "nixpkgs",
        "wat": "wat"
      }
    },
    "wat": {
      "inputs": {
        "nixpkgs": [
          "nixpkgs"
        ]
      },
      "locked": {
        "lastModified": 1651872474,
        "narHash": "sha256-ZsPdLC0kgiDzZZCI8O3BXQDuLOtjQBeJRH4IwzIEGDI=",
        "owner": "thelegy",
        "repo": "wat",
        "rev": "a9302bf3e2bf5cef86c65ad467df30efa08582ca",
        "type": "github"
      },
      "original": {
        "owner": "thelegy",
        "repo": "wat",
        "type": "github"
      }
    }
  },
  "root": "root",
  "version": 7
}
